
Microsoft Visual Studio Solution File, Format Version 12.00
# Visual Studio Version 17
VisualStudioVersion = 17.10.34928.147
MinimumVisualStudioVersion = 10.0.40219.1
Project("{FAE04EC0-301F-11D3-BF4B-00C04F79EFBC}") = "BetalgoOpenAI", "BetalgoOpenAI\BetalgoOpenAI.csproj", "{D0FA27EF-835E-495B-9CBD-046B1F3CFDBA}"
EndProject
Global
	GlobalSection(SolutionConfigurationPlatforms) = preSolution
		Debug|Any CPU = Debug|Any CPU
		Release|Any CPU = Release|Any CPU
	EndGlobalSection
	GlobalSection(ProjectConfigurationPlatforms) = postSolution
		{D0FA27EF-835E-495B-9CBD-046B1F3CFDBA}.Debug|Any CPU.ActiveCfg = Debug|Any CPU
		{D0FA27EF-835E-495B-9CBD-046B1F3CFDBA}.Debug|Any CPU.Build.0 = Debug|Any CPU
		{D0FA27EF-835E-495B-9CBD-046B1F3CFDBA}.Release|Any CPU.ActiveCfg = Release|Any CPU
		{D0FA27EF-835E-495B-9CBD-046B1F3CFDBA}.Release|Any CPU.Build.0 = Release|Any CPU
	EndGlobalSection
	GlobalSection(SolutionProperties) = preSolution
		HideSolutionNode = FALSE
	EndGlobalSection
	GlobalSection(ExtensibilityGlobals) = postSolution
		SolutionGuid = {CDF5A793-8301-42B8-A4BF-F3F7581E3ABE}
	EndGlobalSection
EndGlobal
